// !$*UTF8*$!
{
	archiveVersion = 1;
	classes = {
	};
	objectVersion = 50;
	objects = {

/* Begin PBXBuildFile section */
		6B04B2A024EDDE8600C5D31C /* CoreDataOperations.swift in Sources */ = {isa = PBXBuildFile; fileRef = 6B04B29F24EDDE8600C5D31C /* CoreDataOperations.swift */; };
		6B05262024E2B290004721F6 /* PokedexError.swift in Sources */ = {isa = PBXBuildFile; fileRef = 6B05261F24E2B290004721F6 /* PokedexError.swift */; };
		6B05262224E2D617004721F6 /* PokemonCell.swift in Sources */ = {isa = PBXBuildFile; fileRef = 6B05262124E2D617004721F6 /* PokemonCell.swift */; };
		6B05262424E412B0004721F6 /* PokemonOperations.swift in Sources */ = {isa = PBXBuildFile; fileRef = 6B05262324E412B0004721F6 /* PokemonOperations.swift */; };
		6B05262624E41710004721F6 /* AsyncFetcher.swift in Sources */ = {isa = PBXBuildFile; fileRef = 6B05262524E41710004721F6 /* AsyncFetcher.swift */; };
		6B20EBA824E1B796000CC901 /* AppDelegate.swift in Sources */ = {isa = PBXBuildFile; fileRef = 6B20EBA724E1B796000CC901 /* AppDelegate.swift */; };
		6B20EBAF24E1B796000CC901 /* Main.storyboard in Resources */ = {isa = PBXBuildFile; fileRef = 6B20EBAD24E1B796000CC901 /* Main.storyboard */; };
		6B20EBB224E1B796000CC901 /* pokedex.xcdatamodeld in Sources */ = {isa = PBXBuildFile; fileRef = 6B20EBB024E1B796000CC901 /* pokedex.xcdatamodeld */; };
		6B20EBB424E1B798000CC901 /* Assets.xcassets in Resources */ = {isa = PBXBuildFile; fileRef = 6B20EBB324E1B798000CC901 /* Assets.xcassets */; };
		6B20EBB724E1B798000CC901 /* LaunchScreen.storyboard in Resources */ = {isa = PBXBuildFile; fileRef = 6B20EBB524E1B798000CC901 /* LaunchScreen.storyboard */; };
		6B20EBC224E1B799000CC901 /* pokedexTests.swift in Sources */ = {isa = PBXBuildFile; fileRef = 6B20EBC124E1B799000CC901 /* pokedexTests.swift */; };
		6B91E19424E1C18D00F7C067 /* PokedexViewController.swift in Sources */ = {isa = PBXBuildFile; fileRef = 6B91E19324E1C18D00F7C067 /* PokedexViewController.swift */; };
		6B91E19624E1C6F100F7C067 /* PokemonViewController.swift in Sources */ = {isa = PBXBuildFile; fileRef = 6B91E19524E1C6F100F7C067 /* PokemonViewController.swift */; };
		6B91E1A324E2A52B00F7C067 /* PokeApiResponses.swift in Sources */ = {isa = PBXBuildFile; fileRef = 6B91E1A224E2A52B00F7C067 /* PokeApiResponses.swift */; };
		6B91E1A524E2A6F900F7C067 /* Network.swift in Sources */ = {isa = PBXBuildFile; fileRef = 6B91E1A424E2A6F900F7C067 /* Network.swift */; };
		6B91E1A824E2ACCF00F7C067 /* PokemonViewModel.swift in Sources */ = {isa = PBXBuildFile; fileRef = 6B91E1A724E2ACCF00F7C067 /* PokemonViewModel.swift */; };
		6BE2379D24E44C160077E295 /* StringExtension.swift in Sources */ = {isa = PBXBuildFile; fileRef = 6BE2379C24E44C160077E295 /* StringExtension.swift */; };
		6BE237A324E6C8C70077E295 /* UIColorExtension.swift in Sources */ = {isa = PBXBuildFile; fileRef = 6BE237A224E6C8C70077E295 /* UIColorExtension.swift */; };
/* End PBXBuildFile section */

/* Begin PBXContainerItemProxy section */
		6B20EBBE24E1B799000CC901 /* PBXContainerItemProxy */ = {
			isa = PBXContainerItemProxy;
			containerPortal = 6B20EB9C24E1B796000CC901 /* Project object */;
			proxyType = 1;
			remoteGlobalIDString = 6B20EBA324E1B796000CC901;
			remoteInfo = pokedex;
		};
/* End PBXContainerItemProxy section */

/* Begin PBXFileReference section */
		6B04B29F24EDDE8600C5D31C /* CoreDataOperations.swift */ = {isa = PBXFileReference; lastKnownFileType = sourcecode.swift; path = CoreDataOperations.swift; sourceTree = "<group>"; };
		6B05261F24E2B290004721F6 /* PokedexError.swift */ = {isa = PBXFileReference; lastKnownFileType = sourcecode.swift; path = PokedexError.swift; sourceTree = "<group>"; };
		6B05262124E2D617004721F6 /* PokemonCell.swift */ = {isa = PBXFileReference; lastKnownFileType = sourcecode.swift; path = PokemonCell.swift; sourceTree = "<group>"; };
		6B05262324E412B0004721F6 /* PokemonOperations.swift */ = {isa = PBXFileReference; lastKnownFileType = sourcecode.swift; path = PokemonOperations.swift; sourceTree = "<group>"; };
		6B05262524E41710004721F6 /* AsyncFetcher.swift */ = {isa = PBXFileReference; lastKnownFileType = sourcecode.swift; path = AsyncFetcher.swift; sourceTree = "<group>"; };
		6B20EBA424E1B796000CC901 /* Pokédex.app */ = {isa = PBXFileReference; explicitFileType = wrapper.application; includeInIndex = 0; path = "Pokédex.app"; sourceTree = BUILT_PRODUCTS_DIR; };
		6B20EBA724E1B796000CC901 /* AppDelegate.swift */ = {isa = PBXFileReference; lastKnownFileType = sourcecode.swift; path = AppDelegate.swift; sourceTree = "<group>"; };
		6B20EBAE24E1B796000CC901 /* Base */ = {isa = PBXFileReference; lastKnownFileType = file.storyboard; name = Base; path = Base.lproj/Main.storyboard; sourceTree = "<group>"; };
		6B20EBB124E1B796000CC901 /* pokedex.xcdatamodel */ = {isa = PBXFileReference; lastKnownFileType = wrapper.xcdatamodel; path = pokedex.xcdatamodel; sourceTree = "<group>"; };
		6B20EBB324E1B798000CC901 /* Assets.xcassets */ = {isa = PBXFileReference; lastKnownFileType = folder.assetcatalog; path = Assets.xcassets; sourceTree = "<group>"; };
		6B20EBB624E1B798000CC901 /* Base */ = {isa = PBXFileReference; lastKnownFileType = file.storyboard; name = Base; path = Base.lproj/LaunchScreen.storyboard; sourceTree = "<group>"; };
		6B20EBB824E1B798000CC901 /* Info.plist */ = {isa = PBXFileReference; lastKnownFileType = text.plist.xml; path = Info.plist; sourceTree = "<group>"; };
		6B20EBBD24E1B799000CC901 /* pokedexTests.xctest */ = {isa = PBXFileReference; explicitFileType = wrapper.cfbundle; includeInIndex = 0; path = pokedexTests.xctest; sourceTree = BUILT_PRODUCTS_DIR; };
		6B20EBC124E1B799000CC901 /* pokedexTests.swift */ = {isa = PBXFileReference; lastKnownFileType = sourcecode.swift; path = pokedexTests.swift; sourceTree = "<group>"; };
		6B20EBC324E1B799000CC901 /* Info.plist */ = {isa = PBXFileReference; lastKnownFileType = text.plist.xml; path = Info.plist; sourceTree = "<group>"; };
		6B91E19324E1C18D00F7C067 /* PokedexViewController.swift */ = {isa = PBXFileReference; lastKnownFileType = sourcecode.swift; path = PokedexViewController.swift; sourceTree = "<group>"; };
		6B91E19524E1C6F100F7C067 /* PokemonViewController.swift */ = {isa = PBXFileReference; lastKnownFileType = sourcecode.swift; path = PokemonViewController.swift; sourceTree = "<group>"; };
		6B91E1A224E2A52B00F7C067 /* PokeApiResponses.swift */ = {isa = PBXFileReference; lastKnownFileType = sourcecode.swift; path = PokeApiResponses.swift; sourceTree = "<group>"; };
		6B91E1A424E2A6F900F7C067 /* Network.swift */ = {isa = PBXFileReference; lastKnownFileType = sourcecode.swift; path = Network.swift; sourceTree = "<group>"; };
		6B91E1A724E2ACCF00F7C067 /* PokemonViewModel.swift */ = {isa = PBXFileReference; lastKnownFileType = sourcecode.swift; path = PokemonViewModel.swift; sourceTree = "<group>"; };
		6BE2379C24E44C160077E295 /* StringExtension.swift */ = {isa = PBXFileReference; lastKnownFileType = sourcecode.swift; path = StringExtension.swift; sourceTree = "<group>"; };
		6BE237A224E6C8C70077E295 /* UIColorExtension.swift */ = {isa = PBXFileReference; lastKnownFileType = sourcecode.swift; path = UIColorExtension.swift; sourceTree = "<group>"; };
/* End PBXFileReference section */

/* Begin PBXFrameworksBuildPhase section */
		6B20EBA124E1B796000CC901 /* Frameworks */ = {
			isa = PBXFrameworksBuildPhase;
			buildActionMask = 2147483647;
			files = (
			);
			runOnlyForDeploymentPostprocessing = 0;
		};
		6B20EBBA24E1B799000CC901 /* Frameworks */ = {
			isa = PBXFrameworksBuildPhase;
			buildActionMask = 2147483647;
			files = (
			);
			runOnlyForDeploymentPostprocessing = 0;
		};
/* End PBXFrameworksBuildPhase section */

/* Begin PBXGroup section */
		6B20EB9B24E1B796000CC901 = {
			isa = PBXGroup;
			children = (
				6B20EBA624E1B796000CC901 /* pokedex */,
				6B20EBC024E1B799000CC901 /* pokedexTests */,
				6B20EBA524E1B796000CC901 /* Products */,
			);
			sourceTree = "<group>";
		};
		6B20EBA524E1B796000CC901 /* Products */ = {
			isa = PBXGroup;
			children = (
				6B20EBA424E1B796000CC901 /* Pokédex.app */,
				6B20EBBD24E1B799000CC901 /* pokedexTests.xctest */,
			);
			name = Products;
			sourceTree = "<group>";
		};
		6B20EBA624E1B796000CC901 /* pokedex */ = {
			isa = PBXGroup;
			children = (
				6B91E19724E2A17D00F7C067 /* Model */,
				6B91E1A624E2ACC000F7C067 /* ViewModel */,
				6B91E1A024E2A4F400F7C067 /* Features */,
				6B91E19A24E2A30E00F7C067 /* Network */,
				6B46D15224EC4B4600128696 /* Core Data */,
				6BE2379B24E44C020077E295 /* Util */,
				6B20EBA724E1B796000CC901 /* AppDelegate.swift */,
				6B05261F24E2B290004721F6 /* PokedexError.swift */,
				6B20EBB324E1B798000CC901 /* Assets.xcassets */,
				6B20EBB524E1B798000CC901 /* LaunchScreen.storyboard */,
				6B20EBB824E1B798000CC901 /* Info.plist */,
				6B20EBB024E1B796000CC901 /* pokedex.xcdatamodeld */,
			);
			path = pokedex;
			sourceTree = "<group>";
		};
		6B20EBC024E1B799000CC901 /* pokedexTests */ = {
			isa = PBXGroup;
			children = (
				6B20EBC124E1B799000CC901 /* pokedexTests.swift */,
				6B20EBC324E1B799000CC901 /* Info.plist */,
			);
			path = pokedexTests;
			sourceTree = "<group>";
		};
		6B46D15224EC4B4600128696 /* Core Data */ = {
			isa = PBXGroup;
			children = (
				6B04B29F24EDDE8600C5D31C /* CoreDataOperations.swift */,
			);
			path = "Core Data";
			sourceTree = "<group>";
		};
		6B91E19724E2A17D00F7C067 /* Model */ = {
			isa = PBXGroup;
			children = (
				6B91E1A224E2A52B00F7C067 /* PokeApiResponses.swift */,
			);
			path = Model;
			sourceTree = "<group>";
		};
		6B91E19A24E2A30E00F7C067 /* Network */ = {
			isa = PBXGroup;
			children = (
				6B91E1A424E2A6F900F7C067 /* Network.swift */,
				6B05262324E412B0004721F6 /* PokemonOperations.swift */,
				6B05262524E41710004721F6 /* AsyncFetcher.swift */,
			);
			path = Network;
			sourceTree = "<group>";
		};
		6B91E1A024E2A4F400F7C067 /* Features */ = {
			isa = PBXGroup;
			children = (
				6BF885C724F082C40053DD01 /* Master */,
				6BF885C824F082E70053DD01 /* Detail */,
				6B20EBAD24E1B796000CC901 /* Main.storyboard */,
			);
			path = Features;
			sourceTree = "<group>";
		};
		6B91E1A624E2ACC000F7C067 /* ViewModel */ = {
			isa = PBXGroup;
			children = (
				6B91E1A724E2ACCF00F7C067 /* PokemonViewModel.swift */,
			);
			path = ViewModel;
			sourceTree = "<group>";
		};
		6BE2379B24E44C020077E295 /* Util */ = {
			isa = PBXGroup;
			children = (
				6BE2379C24E44C160077E295 /* StringExtension.swift */,
				6BE237A224E6C8C70077E295 /* UIColorExtension.swift */,
			);
			path = Util;
			sourceTree = "<group>";
		};
		6BF885C724F082C40053DD01 /* Master */ = {
			isa = PBXGroup;
			children = (
				6B91E19324E1C18D00F7C067 /* PokedexViewController.swift */,
				6B05262124E2D617004721F6 /* PokemonCell.swift */,
			);
			path = Master;
			sourceTree = "<group>";
		};
		6BF885C824F082E70053DD01 /* Detail */ = {
			isa = PBXGroup;
			children = (
				6B91E19524E1C6F100F7C067 /* PokemonViewController.swift */,
			);
			path = Detail;
			sourceTree = "<group>";
		};
/* End PBXGroup section */

/* Begin PBXNativeTarget section */
		6B20EBA324E1B796000CC901 /* pokedex */ = {
			isa = PBXNativeTarget;
			buildConfigurationList = 6B20EBC624E1B799000CC901 /* Build configuration list for PBXNativeTarget "pokedex" */;
			buildPhases = (
				6B20EBA024E1B796000CC901 /* Sources */,
				6B20EBA124E1B796000CC901 /* Frameworks */,
				6B20EBA224E1B796000CC901 /* Resources */,
			);
			buildRules = (
			);
			dependencies = (
			);
			name = pokedex;
			productName = pokedex;
			productReference = 6B20EBA424E1B796000CC901 /* Pokédex.app */;
			productType = "com.apple.product-type.application";
		};
		6B20EBBC24E1B799000CC901 /* pokedexTests */ = {
			isa = PBXNativeTarget;
			buildConfigurationList = 6B20EBC924E1B799000CC901 /* Build configuration list for PBXNativeTarget "pokedexTests" */;
			buildPhases = (
				6B20EBB924E1B799000CC901 /* Sources */,
				6B20EBBA24E1B799000CC901 /* Frameworks */,
				6B20EBBB24E1B799000CC901 /* Resources */,
			);
			buildRules = (
			);
			dependencies = (
				6B20EBBF24E1B799000CC901 /* PBXTargetDependency */,
			);
			name = pokedexTests;
			productName = pokedexTests;
			productReference = 6B20EBBD24E1B799000CC901 /* pokedexTests.xctest */;
			productType = "com.apple.product-type.bundle.unit-test";
		};
/* End PBXNativeTarget section */

/* Begin PBXProject section */
		6B20EB9C24E1B796000CC901 /* Project object */ = {
			isa = PBXProject;
			attributes = {
				LastSwiftUpdateCheck = 1160;
				LastUpgradeCheck = 1160;
				ORGANIZATIONNAME = "Cristina De Rito";
				TargetAttributes = {
					6B20EBA324E1B796000CC901 = {
						CreatedOnToolsVersion = 11.6;
					};
					6B20EBBC24E1B799000CC901 = {
						CreatedOnToolsVersion = 11.6;
						TestTargetID = 6B20EBA324E1B796000CC901;
					};
				};
			};
			buildConfigurationList = 6B20EB9F24E1B796000CC901 /* Build configuration list for PBXProject "pokedex" */;
			compatibilityVersion = "Xcode 9.3";
			developmentRegion = en;
			hasScannedForEncodings = 0;
			knownRegions = (
				en,
				Base,
			);
			mainGroup = 6B20EB9B24E1B796000CC901;
			productRefGroup = 6B20EBA524E1B796000CC901 /* Products */;
			projectDirPath = "";
			projectRoot = "";
			targets = (
				6B20EBA324E1B796000CC901 /* pokedex */,
				6B20EBBC24E1B799000CC901 /* pokedexTests */,
			);
		};
/* End PBXProject section */

/* Begin PBXResourcesBuildPhase section */
		6B20EBA224E1B796000CC901 /* Resources */ = {
			isa = PBXResourcesBuildPhase;
			buildActionMask = 2147483647;
			files = (
				6B20EBB724E1B798000CC901 /* LaunchScreen.storyboard in Resources */,
				6B20EBB424E1B798000CC901 /* Assets.xcassets in Resources */,
				6B20EBAF24E1B796000CC901 /* Main.storyboard in Resources */,
			);
			runOnlyForDeploymentPostprocessing = 0;
		};
		6B20EBBB24E1B799000CC901 /* Resources */ = {
			isa = PBXResourcesBuildPhase;
			buildActionMask = 2147483647;
			files = (
			);
			runOnlyForDeploymentPostprocessing = 0;
		};
/* End PBXResourcesBuildPhase section */

/* Begin PBXSourcesBuildPhase section */
		6B20EBA024E1B796000CC901 /* Sources */ = {
			isa = PBXSourcesBuildPhase;
			buildActionMask = 2147483647;
			files = (
				6B04B2A024EDDE8600C5D31C /* CoreDataOperations.swift in Sources */,
				6B05262424E412B0004721F6 /* PokemonOperations.swift in Sources */,
				6B91E1A524E2A6F900F7C067 /* Network.swift in Sources */,
				6B20EBB224E1B796000CC901 /* pokedex.xcdatamodeld in Sources */,
				6B91E19624E1C6F100F7C067 /* PokemonViewController.swift in Sources */,
				6B05262224E2D617004721F6 /* PokemonCell.swift in Sources */,
				6B91E19424E1C18D00F7C067 /* PokedexViewController.swift in Sources */,
				6B20EBA824E1B796000CC901 /* AppDelegate.swift in Sources */,
				6BE2379D24E44C160077E295 /* StringExtension.swift in Sources */,
				6B05262024E2B290004721F6 /* PokedexError.swift in Sources */,
				6BE237A324E6C8C70077E295 /* UIColorExtension.swift in Sources */,
				6B91E1A824E2ACCF00F7C067 /* PokemonViewModel.swift in Sources */,
				6B91E1A324E2A52B00F7C067 /* PokeApiResponses.swift in Sources */,
				6B05262624E41710004721F6 /* AsyncFetcher.swift in Sources */,
			);
			runOnlyForDeploymentPostprocessing = 0;
		};
		6B20EBB924E1B799000CC901 /* Sources */ = {
			isa = PBXSourcesBuildPhase;
			buildActionMask = 2147483647;
			files = (
				6B20EBC224E1B799000CC901 /* pokedexTests.swift in Sources */,
			);
			runOnlyForDeploymentPostprocessing = 0;
		};
/* End PBXSourcesBuildPhase section */

/* Begin PBXTargetDependency section */
		6B20EBBF24E1B799000CC901 /* PBXTargetDependency */ = {
			isa = PBXTargetDependency;
			target = 6B20EBA324E1B796000CC901 /* pokedex */;
			targetProxy = 6B20EBBE24E1B799000CC901 /* PBXContainerItemProxy */;
		};
/* End PBXTargetDependency section */

/* Begin PBXVariantGroup section */
		6B20EBAD24E1B796000CC901 /* Main.storyboard */ = {
			isa = PBXVariantGroup;
			children = (
				6B20EBAE24E1B796000CC901 /* Base */,
			);
			name = Main.storyboard;
			sourceTree = "<group>";
		};
		6B20EBB524E1B798000CC901 /* LaunchScreen.storyboard */ = {
			isa = PBXVariantGroup;
			children = (
				6B20EBB624E1B798000CC901 /* Base */,
			);
			name = LaunchScreen.storyboard;
			sourceTree = "<group>";
		};
/* End PBXVariantGroup section */

/* Begin XCBuildConfiguration section */
		6B20EBC424E1B799000CC901 /* Debug */ = {
			isa = XCBuildConfiguration;
			buildSettings = {
				ALWAYS_SEARCH_USER_PATHS = NO;
				CLANG_ANALYZER_NONNULL = YES;
				CLANG_ANALYZER_NUMBER_OBJECT_CONVERSION = YES_AGGRESSIVE;
				CLANG_CXX_LANGUAGE_STANDARD = "gnu++14";
				CLANG_CXX_LIBRARY = "libc++";
				CLANG_ENABLE_MODULES = YES;
				CLANG_ENABLE_OBJC_ARC = YES;
				CLANG_ENABLE_OBJC_WEAK = YES;
				CLANG_WARN_BLOCK_CAPTURE_AUTORELEASING = YES;
				CLANG_WARN_BOOL_CONVERSION = YES;
				CLANG_WARN_COMMA = YES;
				CLANG_WARN_CONSTANT_CONVERSION = YES;
				CLANG_WARN_DEPRECATED_OBJC_IMPLEMENTATIONS = YES;
				CLANG_WARN_DIRECT_OBJC_ISA_USAGE = YES_ERROR;
				CLANG_WARN_DOCUMENTATION_COMMENTS = YES;
				CLANG_WARN_EMPTY_BODY = YES;
				CLANG_WARN_ENUM_CONVERSION = YES;
				CLANG_WARN_INFINITE_RECURSION = YES;
				CLANG_WARN_INT_CONVERSION = YES;
				CLANG_WARN_NON_LITERAL_NULL_CONVERSION = YES;
				CLANG_WARN_OBJC_IMPLICIT_RETAIN_SELF = YES;
				CLANG_WARN_OBJC_LITERAL_CONVERSION = YES;
				CLANG_WARN_OBJC_ROOT_CLASS = YES_ERROR;
				CLANG_WARN_RANGE_LOOP_ANALYSIS = YES;
				CLANG_WARN_STRICT_PROTOTYPES = YES;
				CLANG_WARN_SUSPICIOUS_MOVE = YES;
				CLANG_WARN_UNGUARDED_AVAILABILITY = YES_AGGRESSIVE;
				CLANG_WARN_UNREACHABLE_CODE = YES;
				CLANG_WARN__DUPLICATE_METHOD_MATCH = YES;
				COPY_PHASE_STRIP = NO;
				DEBUG_INFORMATION_FORMAT = dwarf;
				ENABLE_STRICT_OBJC_MSGSEND = YES;
				ENABLE_TESTABILITY = YES;
				GCC_C_LANGUAGE_STANDARD = gnu11;
				GCC_DYNAMIC_NO_PIC = NO;
				GCC_NO_COMMON_BLOCKS = YES;
				GCC_OPTIMIZATION_LEVEL = 0;
				GCC_PREPROCESSOR_DEFINITIONS = (
					"DEBUG=1",
					"$(inherited)",
				);
				GCC_WARN_64_TO_32_BIT_CONVERSION = YES;
				GCC_WARN_ABOUT_RETURN_TYPE = YES_ERROR;
				GCC_WARN_UNDECLARED_SELECTOR = YES;
				GCC_WARN_UNINITIALIZED_AUTOS = YES_AGGRESSIVE;
				GCC_WARN_UNUSED_FUNCTION = YES;
				GCC_WARN_UNUSED_VARIABLE = YES;
				IPHONEOS_DEPLOYMENT_TARGET = 13.6;
				MTL_ENABLE_DEBUG_INFO = INCLUDE_SOURCE;
				MTL_FAST_MATH = YES;
				ONLY_ACTIVE_ARCH = YES;
				SDKROOT = iphoneos;
				SWIFT_ACTIVE_COMPILATION_CONDITIONS = DEBUG;
				SWIFT_OPTIMIZATION_LEVEL = "-Onone";
			};
			name = Debug;
		};
		6B20EBC524E1B799000CC901 /* Release */ = {
			isa = XCBuildConfiguration;
			buildSettings = {
				ALWAYS_SEARCH_USER_PATHS = NO;
				CLANG_ANALYZER_NONNULL = YES;
				CLANG_ANALYZER_NUMBER_OBJECT_CONVERSION = YES_AGGRESSIVE;
				CLANG_CXX_LANGUAGE_STANDARD = "gnu++14";
				CLANG_CXX_LIBRARY = "libc++";
				CLANG_ENABLE_MODULES = YES;
				CLANG_ENABLE_OBJC_ARC = YES;
				CLANG_ENABLE_OBJC_WEAK = YES;
				CLANG_WARN_BLOCK_CAPTURE_AUTORELEASING = YES;
				CLANG_WARN_BOOL_CONVERSION = YES;
				CLANG_WARN_COMMA = YES;
				CLANG_WARN_CONSTANT_CONVERSION = YES;
				CLANG_WARN_DEPRECATED_OBJC_IMPLEMENTATIONS = YES;
				CLANG_WARN_DIRECT_OBJC_ISA_USAGE = YES_ERROR;
				CLANG_WARN_DOCUMENTATION_COMMENTS = YES;
				CLANG_WARN_EMPTY_BODY = YES;
				CLANG_WARN_ENUM_CONVERSION = YES;
				CLANG_WARN_INFINITE_RECURSION = YES;
				CLANG_WARN_INT_CONVERSION = YES;
				CLANG_WARN_NON_LITERAL_NULL_CONVERSION = YES;
				CLANG_WARN_OBJC_IMPLICIT_RETAIN_SELF = YES;
				CLANG_WARN_OBJC_LITERAL_CONVERSION = YES;
				CLANG_WARN_OBJC_ROOT_CLASS = YES_ERROR;
				CLANG_WARN_RANGE_LOOP_ANALYSIS = YES;
				CLANG_WARN_STRICT_PROTOTYPES = YES;
				CLANG_WARN_SUSPICIOUS_MOVE = YES;
				CLANG_WARN_UNGUARDED_AVAILABILITY = YES_AGGRESSIVE;
				CLANG_WARN_UNREACHABLE_CODE = YES;
				CLANG_WARN__DUPLICATE_METHOD_MATCH = YES;
				COPY_PHASE_STRIP = NO;
				DEBUG_INFORMATION_FORMAT = "dwarf-with-dsym";
				ENABLE_NS_ASSERTIONS = NO;
				ENABLE_STRICT_OBJC_MSGSEND = YES;
				GCC_C_LANGUAGE_STANDARD = gnu11;
				GCC_NO_COMMON_BLOCKS = YES;
				GCC_WARN_64_TO_32_BIT_CONVERSION = YES;
				GCC_WARN_ABOUT_RETURN_TYPE = YES_ERROR;
				GCC_WARN_UNDECLARED_SELECTOR = YES;
				GCC_WARN_UNINITIALIZED_AUTOS = YES_AGGRESSIVE;
				GCC_WARN_UNUSED_FUNCTION = YES;
				GCC_WARN_UNUSED_VARIABLE = YES;
				IPHONEOS_DEPLOYMENT_TARGET = 13.6;
				MTL_ENABLE_DEBUG_INFO = NO;
				MTL_FAST_MATH = YES;
				SDKROOT = iphoneos;
				SWIFT_COMPILATION_MODE = wholemodule;
				SWIFT_OPTIMIZATION_LEVEL = "-O";
				VALIDATE_PRODUCT = YES;
			};
			name = Release;
		};
		6B20EBC724E1B799000CC901 /* Debug */ = {
			isa = XCBuildConfiguration;
			buildSettings = {
				ASSETCATALOG_COMPILER_APPICON_NAME = AppIcon;
				CODE_SIGN_STYLE = Automatic;
				DEVELOPMENT_TEAM = 5K432JMS2Z;
				INFOPLIST_FILE = pokedex/Info.plist;
				IPHONEOS_DEPLOYMENT_TARGET = 10.0;
				LD_RUNPATH_SEARCH_PATHS = (
					"$(inherited)",
					"@executable_path/Frameworks",
				);
				PRODUCT_BUNDLE_IDENTIFIER = io.github.pokedex;
				PRODUCT_NAME = "Pokédex";
				SWIFT_VERSION = 5.0;
				TARGETED_DEVICE_FAMILY = "1,2";
			};
			name = Debug;
		};
		6B20EBC824E1B799000CC901 /* Release */ = {
			isa = XCBuildConfiguration;
			buildSettings = {
				ASSETCATALOG_COMPILER_APPICON_NAME = AppIcon;
				CODE_SIGN_STYLE = Automatic;
				DEVELOPMENT_TEAM = 5K432JMS2Z;
				INFOPLIST_FILE = pokedex/Info.plist;
				IPHONEOS_DEPLOYMENT_TARGET = 10.0;
				LD_RUNPATH_SEARCH_PATHS = (
					"$(inherited)",
					"@executable_path/Frameworks",
				);
				PRODUCT_BUNDLE_IDENTIFIER = io.github.pokedex;
				PRODUCT_NAME = "Pokédex";
				SWIFT_VERSION = 5.0;
				TARGETED_DEVICE_FAMILY = "1,2";
			};
			name = Release;
		};
		6B20EBCA24E1B799000CC901 /* Debug */ = {
			isa = XCBuildConfiguration;
			buildSettings = {
				ALWAYS_EMBED_SWIFT_STANDARD_LIBRARIES = YES;
				BUNDLE_LOADER = "$(TEST_HOST)";
				CODE_SIGN_STYLE = Automatic;
				INFOPLIST_FILE = pokedexTests/Info.plist;
				IPHONEOS_DEPLOYMENT_TARGET = 13.6;
				LD_RUNPATH_SEARCH_PATHS = (
					"$(inherited)",
					"@executable_path/Frameworks",
					"@loader_path/Frameworks",
				);
				PRODUCT_BUNDLE_IDENTIFIER = io.github.pokedexTests;
				PRODUCT_NAME = "$(TARGET_NAME)";
				SWIFT_VERSION = 5.0;
				TARGETED_DEVICE_FAMILY = "1,2";
				TEST_HOST = "$(BUILT_PRODUCTS_DIR)/pokedex.app/pokedex";
			};
			name = Debug;
		};
		6B20EBCB24E1B799000CC901 /* Release */ = {
			isa = XCBuildConfiguration;
			buildSettings = {
				ALWAYS_EMBED_SWIFT_STANDARD_LIBRARIES = YES;
				BUNDLE_LOADER = "$(TEST_HOST)";
				CODE_SIGN_STYLE = Automatic;
				INFOPLIST_FILE = pokedexTests/Info.plist;
				IPHONEOS_DEPLOYMENT_TARGET = 13.6;
				LD_RUNPATH_SEARCH_PATHS = (
					"$(inherited)",
					"@executable_path/Frameworks",
					"@loader_path/Frameworks",
				);
				PRODUCT_BUNDLE_IDENTIFIER = io.github.pokedexTests;
				PRODUCT_NAME = "$(TARGET_NAME)";
				SWIFT_VERSION = 5.0;
				TARGETED_DEVICE_FAMILY = "1,2";
				TEST_HOST = "$(BUILT_PRODUCTS_DIR)/pokedex.app/pokedex";
			};
			name = Release;
		};
/* End XCBuildConfiguration section */

/* Begin XCConfigurationList section */
		6B20EB9F24E1B796000CC901 /* Build configuration list for PBXProject "pokedex" */ = {
			isa = XCConfigurationList;
			buildConfigurations = (
				6B20EBC424E1B799000CC901 /* Debug */,
				6B20EBC524E1B799000CC901 /* Release */,
			);
			defaultConfigurationIsVisible = 0;
			defaultConfigurationName = Release;
		};
		6B20EBC624E1B799000CC901 /* Build configuration list for PBXNativeTarget "pokedex" */ = {
			isa = XCConfigurationList;
			buildConfigurations = (
				6B20EBC724E1B799000CC901 /* Debug */,
				6B20EBC824E1B799000CC901 /* Release */,
			);
			defaultConfigurationIsVisible = 0;
			defaultConfigurationName = Release;
		};
		6B20EBC924E1B799000CC901 /* Build configuration list for PBXNativeTarget "pokedexTests" */ = {
			isa = XCConfigurationList;
			buildConfigurations = (
				6B20EBCA24E1B799000CC901 /* Debug */,
				6B20EBCB24E1B799000CC901 /* Release */,
			);
			defaultConfigurationIsVisible = 0;
			defaultConfigurationName = Release;
		};
/* End XCConfigurationList section */

/* Begin XCVersionGroup section */
		6B20EBB024E1B796000CC901 /* pokedex.xcdatamodeld */ = {
			isa = XCVersionGroup;
			children = (
				6B20EBB124E1B796000CC901 /* pokedex.xcdatamodel */,
			);
			currentVersion = 6B20EBB124E1B796000CC901 /* pokedex.xcdatamodel */;
			path = pokedex.xcdatamodeld;
			sourceTree = "<group>";
			versionGroupType = wrapper.xcdatamodel;
		};
/* End XCVersionGroup section */
	};
	rootObject = 6B20EB9C24E1B796000CC901 /* Project object */;
}
